
Microsoft Visual Studio Solution File, Format Version 12.00
# Visual Studio Version 17
VisualStudioVersion = 17.9.34728.123
MinimumVisualStudioVersion = 10.0.40219.1
Project("{FAE04EC0-301F-11D3-BF4B-00C04F79EFBC}") = "WebApplication1", "WebApplication1\WebApplication1.csproj", "{0A718842-A2AC-430B-8E4C-6A84AD07CA85}"
EndProject
Project("{FAE04EC0-301F-11D3-BF4B-00C04F79EFBC}") = "WebApplication3", "WebApplication3\WebApplication3.csproj", "{96314EB1-AA04-4D75-A685-CC8B066AC108}"
EndProject
Project("{FAE04EC0-301F-11D3-BF4B-00C04F79EFBC}") = "WebApplication4", "WebApplication4\WebApplication4.csproj", "{313AFD4B-6AF7-4A10-8A04-99D20E87A796}"
EndProject
Global
	GlobalSection(SolutionConfigurationPlatforms) = preSolution
		Debug|Any CPU = Debug|Any CPU
		Release|Any CPU = Release|Any CPU
	EndGlobalSection
	GlobalSection(ProjectConfigurationPlatforms) = postSolution
		{0A718842-A2AC-430B-8E4C-6A84AD07CA85}.Debug|Any CPU.ActiveCfg = Debug|Any CPU
		{0A718842-A2AC-430B-8E4C-6A84AD07CA85}.Debug|Any CPU.Build.0 = Debug|Any CPU
		{0A718842-A2AC-430B-8E4C-6A84AD07CA85}.Release|Any CPU.ActiveCfg = Release|Any CPU
		{0A718842-A2AC-430B-8E4C-6A84AD07CA85}.Release|Any CPU.Build.0 = Release|Any CPU
		{96314EB1-AA04-4D75-A685-CC8B066AC108}.Debug|Any CPU.ActiveCfg = Debug|Any CPU
		{96314EB1-AA04-4D75-A685-CC8B066AC108}.Debug|Any CPU.Build.0 = Debug|Any CPU
		{96314EB1-AA04-4D75-A685-CC8B066AC108}.Release|Any CPU.ActiveCfg = Release|Any CPU
		{96314EB1-AA04-4D75-A685-CC8B066AC108}.Release|Any CPU.Build.0 = Release|Any CPU
		{313AFD4B-6AF7-4A10-8A04-99D20E87A796}.Debug|Any CPU.ActiveCfg = Debug|Any CPU
		{313AFD4B-6AF7-4A10-8A04-99D20E87A796}.Debug|Any CPU.Build.0 = Debug|Any CPU
		{313AFD4B-6AF7-4A10-8A04-99D20E87A796}.Release|Any CPU.ActiveCfg = Release|Any CPU
		{313AFD4B-6AF7-4A10-8A04-99D20E87A796}.Release|Any CPU.Build.0 = Release|Any CPU
	EndGlobalSection
	GlobalSection(SolutionProperties) = preSolution
		HideSolutionNode = FALSE
	EndGlobalSection
	GlobalSection(ExtensibilityGlobals) = postSolution
		SolutionGuid = {CD300218-A981-4D0E-BCD0-5A83D5532DC7}
	EndGlobalSection
EndGlobal
